
Microsoft Visual Studio Solution File, Format Version 12.00
# Visual Studio Version 17
VisualStudioVersion = 17.10.34928.147
MinimumVisualStudioVersion = 10.0.40219.1
Project("{FAE04EC0-301F-11D3-BF4B-00C04F79EFBC}") = "SI system", "SI system\SI system.csproj", "{97695CA9-8D63-4B2D-9A15-5CA40BBA6373}"
EndProject
Project("{FAE04EC0-301F-11D3-BF4B-00C04F79EFBC}") = "BLL", "BLL\BLL.csproj", "{E7F044F0-1E47-442E-B5F7-1A8DCBC59983}"
EndProject
Project("{FAE04EC0-301F-11D3-BF4B-00C04F79EFBC}") = "DAL", "DAL\DAL.csproj", "{FF400C3E-BDE6-4B39-8FEC-99F09C542180}"
EndProject
Global
	GlobalSection(SolutionConfigurationPlatforms) = preSolution
		Debug|Any CPU = Debug|Any CPU
		Release|Any CPU = Release|Any CPU
	EndGlobalSection
	GlobalSection(ProjectConfigurationPlatforms) = postSolution
		{97695CA9-8D63-4B2D-9A15-5CA40BBA6373}.Debug|Any CPU.ActiveCfg = Debug|Any CPU
		{97695CA9-8D63-4B2D-9A15-5CA40BBA6373}.Debug|Any CPU.Build.0 = Debug|Any CPU
		{97695CA9-8D63-4B2D-9A15-5CA40BBA6373}.Release|Any CPU.ActiveCfg = Release|Any CPU
		{97695CA9-8D63-4B2D-9A15-5CA40BBA6373}.Release|Any CPU.Build.0 = Release|Any CPU
		{E7F044F0-1E47-442E-B5F7-1A8DCBC59983}.Debug|Any CPU.ActiveCfg = Debug|Any CPU
		{E7F044F0-1E47-442E-B5F7-1A8DCBC59983}.Debug|Any CPU.Build.0 = Debug|Any CPU
		{E7F044F0-1E47-442E-B5F7-1A8DCBC59983}.Release|Any CPU.ActiveCfg = Release|Any CPU
		{E7F044F0-1E47-442E-B5F7-1A8DCBC59983}.Release|Any CPU.Build.0 = Release|Any CPU
		{FF400C3E-BDE6-4B39-8FEC-99F09C542180}.Debug|Any CPU.ActiveCfg = Debug|Any CPU
		{FF400C3E-BDE6-4B39-8FEC-99F09C542180}.Debug|Any CPU.Build.0 = Debug|Any CPU
		{FF400C3E-BDE6-4B39-8FEC-99F09C542180}.Release|Any CPU.ActiveCfg = Release|Any CPU
		{FF400C3E-BDE6-4B39-8FEC-99F09C542180}.Release|Any CPU.Build.0 = Release|Any CPU
	EndGlobalSection
	GlobalSection(SolutionProperties) = preSolution
		HideSolutionNode = FALSE
	EndGlobalSection
	GlobalSection(ExtensibilityGlobals) = postSolution
		SolutionGuid = {D988AD2D-E73B-413F-A300-43E830575EA0}
	EndGlobalSection
EndGlobal
